// !$*UTF8*$!
{
	archiveVersion = 1;
	classes = {
	};
	objectVersion = 50;
	objects = {

/* Begin PBXBuildFile section */
		058557BB273AAA24004C7B11 /* Assets.xcassets in Resources */ = {isa = PBXBuildFile; fileRef = 058557BA273AAA24004C7B11 /* Assets.xcassets */; };
		058557D9273AAEEB004C7B11 /* Preview Assets.xcassets in Resources */ = {isa = PBXBuildFile; fileRef = 058557D8273AAEEB004C7B11 /* Preview Assets.xcassets */; };
		2152FB042600AC8F00CF470E /* iOSApp.swift in Sources */ = {isa = PBXBuildFile; fileRef = 2152FB032600AC8F00CF470E /* iOSApp.swift */; };
		3A01485328F0830100B2F6A0 /* SelfCheckInView.swift in Sources */ = {isa = PBXBuildFile; fileRef = 3A01485228F0830100B2F6A0 /* SelfCheckInView.swift */; };
		3A13225928CA2211009E4645 /* Colors.xcassets in Resources */ = {isa = PBXBuildFile; fileRef = 3A13225828CA2211009E4645 /* Colors.xcassets */; };
		3A13225C28CA233B009E4645 /* Colors.swift in Sources */ = {isa = PBXBuildFile; fileRef = 3A13225B28CA233B009E4645 /* Colors.swift */; };
		3A13225F28CA2B10009E4645 /* DaysRemainingCard.swift in Sources */ = {isa = PBXBuildFile; fileRef = 3A13225E28CA2B10009E4645 /* DaysRemainingCard.swift */; };
		3A13226128CA2BA6009E4645 /* SelfCheckInCard.swift in Sources */ = {isa = PBXBuildFile; fileRef = 3A13226028CA2BA6009E4645 /* SelfCheckInCard.swift */; };
		3A13226328CA2C22009E4645 /* ToolboxView.swift in Sources */ = {isa = PBXBuildFile; fileRef = 3A13226228CA2C22009E4645 /* ToolboxView.swift */; };
		3A323F2B28EDF37000CFEF40 /* CheckInView.swift in Sources */ = {isa = PBXBuildFile; fileRef = 3A323F2A28EDF37000CFEF40 /* CheckInView.swift */; };
		3A60CCCF28F4757E00DBA776 /* DailyJournalView.swift in Sources */ = {isa = PBXBuildFile; fileRef = 3A60CCCE28F4757E00DBA776 /* DailyJournalView.swift */; };
		3A60CCD628F56AD100DBA776 /* Comfortaa-Medium.ttf in Resources */ = {isa = PBXBuildFile; fileRef = 3A60CCD128F56AD100DBA776 /* Comfortaa-Medium.ttf */; };
		3A60CCD728F56AD100DBA776 /* Comfortaa-Bold.ttf in Resources */ = {isa = PBXBuildFile; fileRef = 3A60CCD228F56AD100DBA776 /* Comfortaa-Bold.ttf */; };
		3A60CCD828F56AD100DBA776 /* Comfortaa-Light.ttf in Resources */ = {isa = PBXBuildFile; fileRef = 3A60CCD328F56AD100DBA776 /* Comfortaa-Light.ttf */; };
		3A60CCD928F56AD100DBA776 /* Comfortaa-Regular.ttf in Resources */ = {isa = PBXBuildFile; fileRef = 3A60CCD428F56AD100DBA776 /* Comfortaa-Regular.ttf */; };
		3A60CCDA28F56AD100DBA776 /* Comfortaa-SemiBold.ttf in Resources */ = {isa = PBXBuildFile; fileRef = 3A60CCD528F56AD100DBA776 /* Comfortaa-SemiBold.ttf */; };
		3A60CCDD28F5B10800DBA776 /* SleepTrackerDetailsView.swift in Sources */ = {isa = PBXBuildFile; fileRef = 3A60CCDC28F5B10800DBA776 /* SleepTrackerDetailsView.swift */; };
		3A746DBE28D4A29200D578F1 /* HomeView.swift in Sources */ = {isa = PBXBuildFile; fileRef = 3A746DBD28D4A29200D578F1 /* HomeView.swift */; };
		3A746DC328D9EF0000D578F1 /* OpenSans-Bold.ttf in Resources */ = {isa = PBXBuildFile; fileRef = 3A746DC228D9EF0000D578F1 /* OpenSans-Bold.ttf */; };
		3A746DC528D9EF1500D578F1 /* OpenSans-Light.ttf in Resources */ = {isa = PBXBuildFile; fileRef = 3A746DC428D9EF1500D578F1 /* OpenSans-Light.ttf */; };
		3A746DC728D9EF1F00D578F1 /* OpenSans-Medium.ttf in Resources */ = {isa = PBXBuildFile; fileRef = 3A746DC628D9EF1F00D578F1 /* OpenSans-Medium.ttf */; };
		3A746DC928D9EF2900D578F1 /* OpenSans-Regular.ttf in Resources */ = {isa = PBXBuildFile; fileRef = 3A746DC828D9EF2900D578F1 /* OpenSans-Regular.ttf */; };
		3A746DCB28D9EF3600D578F1 /* OpenSans-SemiBold.ttf in Resources */ = {isa = PBXBuildFile; fileRef = 3A746DCA28D9EF3600D578F1 /* OpenSans-SemiBold.ttf */; };
		3A746DCD28D9EF4B00D578F1 /* OpenSans-ExtraBold.ttf in Resources */ = {isa = PBXBuildFile; fileRef = 3A746DCC28D9EF4B00D578F1 /* OpenSans-ExtraBold.ttf */; };
		3A746DCF28D9F07C00D578F1 /* Fonts.swift in Sources */ = {isa = PBXBuildFile; fileRef = 3A746DCE28D9F07C00D578F1 /* Fonts.swift */; };
		3A746DD228D9F36D00D578F1 /* Headline.swift in Sources */ = {isa = PBXBuildFile; fileRef = 3A746DD128D9F36D00D578F1 /* Headline.swift */; };
		3A746DD428D9F4AB00D578F1 /* Body.swift in Sources */ = {isa = PBXBuildFile; fileRef = 3A746DD328D9F4AB00D578F1 /* Body.swift */; };
		3A746DD628D9F53F00D578F1 /* Subtitle.swift in Sources */ = {isa = PBXBuildFile; fileRef = 3A746DD528D9F53F00D578F1 /* Subtitle.swift */; };
		3A8D2CA628E34FF2008B469A /* DailyCheckInView.swift in Sources */ = {isa = PBXBuildFile; fileRef = 3A8D2CA528E34FF2008B469A /* DailyCheckInView.swift */; };
		3AD4F98C28C24693002A2E5A /* DashboardView.swift in Sources */ = {isa = PBXBuildFile; fileRef = 3AD4F98B28C24693002A2E5A /* DashboardView.swift */; };
		3AD4F99328C25AEC002A2E5A /* ProfileView.swift in Sources */ = {isa = PBXBuildFile; fileRef = 3AD4F99228C25AEC002A2E5A /* ProfileView.swift */; };
		3AD4F99528C25AFB002A2E5A /* RoutinesView.swift in Sources */ = {isa = PBXBuildFile; fileRef = 3AD4F99428C25AFB002A2E5A /* RoutinesView.swift */; };
		3AD4F99728C25B1C002A2E5A /* TaskListView.swift in Sources */ = {isa = PBXBuildFile; fileRef = 3AD4F99628C25B1C002A2E5A /* TaskListView.swift */; };
		3AD4F99928C25B2D002A2E5A /* NotesListView.swift in Sources */ = {isa = PBXBuildFile; fileRef = 3AD4F99828C25B2D002A2E5A /* NotesListView.swift */; };
		3AD4F99B28C639C4002A2E5A /* DashboardViewData.swift in Sources */ = {isa = PBXBuildFile; fileRef = 3AD4F99A28C639C4002A2E5A /* DashboardViewData.swift */; };
		3AD4F99D28C63A22002A2E5A /* DashboardViewModelAdapter.swift in Sources */ = {isa = PBXBuildFile; fileRef = 3AD4F99C28C63A22002A2E5A /* DashboardViewModelAdapter.swift */; };
		7555FF83242A565900829871 /* ContentView.swift in Sources */ = {isa = PBXBuildFile; fileRef = 7555FF82242A565900829871 /* ContentView.swift */; };
/* End PBXBuildFile section */

/* Begin PBXCopyFilesBuildPhase section */
		7555FFB4242A642300829871 /* Embed Frameworks */ = {
			isa = PBXCopyFilesBuildPhase;
			buildActionMask = 2147483647;
			dstPath = "";
			dstSubfolderSpec = 10;
			files = (
			);
			name = "Embed Frameworks";
			runOnlyForDeploymentPostprocessing = 0;
		};
/* End PBXCopyFilesBuildPhase section */

/* Begin PBXFileReference section */
		058557BA273AAA24004C7B11 /* Assets.xcassets */ = {isa = PBXFileReference; lastKnownFileType = folder.assetcatalog; path = Assets.xcassets; sourceTree = "<group>"; };
		058557D8273AAEEB004C7B11 /* Preview Assets.xcassets */ = {isa = PBXFileReference; lastKnownFileType = folder.assetcatalog; path = "Preview Assets.xcassets"; sourceTree = "<group>"; };
		2152FB032600AC8F00CF470E /* iOSApp.swift */ = {isa = PBXFileReference; lastKnownFileType = sourcecode.swift; path = iOSApp.swift; sourceTree = "<group>"; };
		3A01485228F0830100B2F6A0 /* SelfCheckInView.swift */ = {isa = PBXFileReference; lastKnownFileType = sourcecode.swift; path = SelfCheckInView.swift; sourceTree = "<group>"; };
		3A13225828CA2211009E4645 /* Colors.xcassets */ = {isa = PBXFileReference; lastKnownFileType = folder.assetcatalog; path = Colors.xcassets; sourceTree = "<group>"; };
		3A13225B28CA233B009E4645 /* Colors.swift */ = {isa = PBXFileReference; lastKnownFileType = sourcecode.swift; path = Colors.swift; sourceTree = "<group>"; };
		3A13225E28CA2B10009E4645 /* DaysRemainingCard.swift */ = {isa = PBXFileReference; lastKnownFileType = sourcecode.swift; path = DaysRemainingCard.swift; sourceTree = "<group>"; };
		3A13226028CA2BA6009E4645 /* SelfCheckInCard.swift */ = {isa = PBXFileReference; lastKnownFileType = sourcecode.swift; path = SelfCheckInCard.swift; sourceTree = "<group>"; };
		3A13226228CA2C22009E4645 /* ToolboxView.swift */ = {isa = PBXFileReference; lastKnownFileType = sourcecode.swift; path = ToolboxView.swift; sourceTree = "<group>"; };
		3A323F2A28EDF37000CFEF40 /* CheckInView.swift */ = {isa = PBXFileReference; lastKnownFileType = sourcecode.swift; path = CheckInView.swift; sourceTree = "<group>"; };
		3A60CCCE28F4757E00DBA776 /* DailyJournalView.swift */ = {isa = PBXFileReference; lastKnownFileType = sourcecode.swift; path = DailyJournalView.swift; sourceTree = "<group>"; };
		3A60CCD128F56AD100DBA776 /* Comfortaa-Medium.ttf */ = {isa = PBXFileReference; lastKnownFileType = file; path = "Comfortaa-Medium.ttf"; sourceTree = "<group>"; };
		3A60CCD228F56AD100DBA776 /* Comfortaa-Bold.ttf */ = {isa = PBXFileReference; lastKnownFileType = file; path = "Comfortaa-Bold.ttf"; sourceTree = "<group>"; };
		3A60CCD328F56AD100DBA776 /* Comfortaa-Light.ttf */ = {isa = PBXFileReference; lastKnownFileType = file; path = "Comfortaa-Light.ttf"; sourceTree = "<group>"; };
		3A60CCD428F56AD100DBA776 /* Comfortaa-Regular.ttf */ = {isa = PBXFileReference; lastKnownFileType = file; path = "Comfortaa-Regular.ttf"; sourceTree = "<group>"; };
		3A60CCD528F56AD100DBA776 /* Comfortaa-SemiBold.ttf */ = {isa = PBXFileReference; lastKnownFileType = file; path = "Comfortaa-SemiBold.ttf"; sourceTree = "<group>"; };
		3A60CCDC28F5B10800DBA776 /* SleepTrackerDetailsView.swift */ = {isa = PBXFileReference; lastKnownFileType = sourcecode.swift; path = SleepTrackerDetailsView.swift; sourceTree = "<group>"; };
		3A746DBD28D4A29200D578F1 /* HomeView.swift */ = {isa = PBXFileReference; lastKnownFileType = sourcecode.swift; path = HomeView.swift; sourceTree = "<group>"; };
		3A746DC228D9EF0000D578F1 /* OpenSans-Bold.ttf */ = {isa = PBXFileReference; lastKnownFileType = file; path = "OpenSans-Bold.ttf"; sourceTree = "<group>"; };
		3A746DC428D9EF1500D578F1 /* OpenSans-Light.ttf */ = {isa = PBXFileReference; lastKnownFileType = file; path = "OpenSans-Light.ttf"; sourceTree = "<group>"; };
		3A746DC628D9EF1F00D578F1 /* OpenSans-Medium.ttf */ = {isa = PBXFileReference; lastKnownFileType = file; path = "OpenSans-Medium.ttf"; sourceTree = "<group>"; };
		3A746DC828D9EF2900D578F1 /* OpenSans-Regular.ttf */ = {isa = PBXFileReference; lastKnownFileType = file; path = "OpenSans-Regular.ttf"; sourceTree = "<group>"; };
		3A746DCA28D9EF3600D578F1 /* OpenSans-SemiBold.ttf */ = {isa = PBXFileReference; lastKnownFileType = file; path = "OpenSans-SemiBold.ttf"; sourceTree = "<group>"; };
		3A746DCC28D9EF4B00D578F1 /* OpenSans-ExtraBold.ttf */ = {isa = PBXFileReference; lastKnownFileType = file; path = "OpenSans-ExtraBold.ttf"; sourceTree = "<group>"; };
		3A746DCE28D9F07C00D578F1 /* Fonts.swift */ = {isa = PBXFileReference; lastKnownFileType = sourcecode.swift; path = Fonts.swift; sourceTree = "<group>"; };
		3A746DD128D9F36D00D578F1 /* Headline.swift */ = {isa = PBXFileReference; lastKnownFileType = sourcecode.swift; path = Headline.swift; sourceTree = "<group>"; };
		3A746DD328D9F4AB00D578F1 /* Body.swift */ = {isa = PBXFileReference; lastKnownFileType = sourcecode.swift; path = Body.swift; sourceTree = "<group>"; };
		3A746DD528D9F53F00D578F1 /* Subtitle.swift */ = {isa = PBXFileReference; lastKnownFileType = sourcecode.swift; path = Subtitle.swift; sourceTree = "<group>"; };
		3A8D2CA528E34FF2008B469A /* DailyCheckInView.swift */ = {isa = PBXFileReference; lastKnownFileType = sourcecode.swift; path = DailyCheckInView.swift; sourceTree = "<group>"; };
		3AD4F98B28C24693002A2E5A /* DashboardView.swift */ = {isa = PBXFileReference; lastKnownFileType = sourcecode.swift; path = DashboardView.swift; sourceTree = "<group>"; };
		3AD4F99228C25AEC002A2E5A /* ProfileView.swift */ = {isa = PBXFileReference; lastKnownFileType = sourcecode.swift; path = ProfileView.swift; sourceTree = "<group>"; };
		3AD4F99428C25AFB002A2E5A /* RoutinesView.swift */ = {isa = PBXFileReference; lastKnownFileType = sourcecode.swift; path = RoutinesView.swift; sourceTree = "<group>"; };
		3AD4F99628C25B1C002A2E5A /* TaskListView.swift */ = {isa = PBXFileReference; lastKnownFileType = sourcecode.swift; path = TaskListView.swift; sourceTree = "<group>"; };
		3AD4F99828C25B2D002A2E5A /* NotesListView.swift */ = {isa = PBXFileReference; lastKnownFileType = sourcecode.swift; path = NotesListView.swift; sourceTree = "<group>"; };
		3AD4F99A28C639C4002A2E5A /* DashboardViewData.swift */ = {isa = PBXFileReference; lastKnownFileType = sourcecode.swift; path = DashboardViewData.swift; sourceTree = "<group>"; };
		3AD4F99C28C63A22002A2E5A /* DashboardViewModelAdapter.swift */ = {isa = PBXFileReference; lastKnownFileType = sourcecode.swift; path = DashboardViewModelAdapter.swift; sourceTree = "<group>"; };
		7555FF7B242A565900829871 /* iosApp.app */ = {isa = PBXFileReference; explicitFileType = wrapper.application; includeInIndex = 0; path = iosApp.app; sourceTree = BUILT_PRODUCTS_DIR; };
		7555FF82242A565900829871 /* ContentView.swift */ = {isa = PBXFileReference; lastKnownFileType = sourcecode.swift; path = ContentView.swift; sourceTree = "<group>"; };
		7555FF8C242A565B00829871 /* Info.plist */ = {isa = PBXFileReference; lastKnownFileType = text.plist.xml; path = Info.plist; sourceTree = "<group>"; };
/* End PBXFileReference section */

/* Begin PBXFrameworksBuildPhase section */
		7555FF78242A565900829871 /* Frameworks */ = {
			isa = PBXFrameworksBuildPhase;
			buildActionMask = 2147483647;
			files = (
			);
			runOnlyForDeploymentPostprocessing = 0;
		};
/* End PBXFrameworksBuildPhase section */

/* Begin PBXGroup section */
		058557D7273AAEEB004C7B11 /* Preview Content */ = {
			isa = PBXGroup;
			children = (
				058557D8273AAEEB004C7B11 /* Preview Assets.xcassets */,
			);
			path = "Preview Content";
			sourceTree = "<group>";
		};
		3A13225728CA21E6009E4645 /* Resources */ = {
			isa = PBXGroup;
			children = (
				3A746DBF28D9EEA800D578F1 /* Fonts */,
				3A13225828CA2211009E4645 /* Colors.xcassets */,
			);
			path = Resources;
			sourceTree = "<group>";
		};
		3A13225A28CA232C009E4645 /* Common */ = {
			isa = PBXGroup;
			children = (
				3A746DD028D9F34E00D578F1 /* Texts */,
				3A13225B28CA233B009E4645 /* Colors.swift */,
				3A746DCE28D9F07C00D578F1 /* Fonts.swift */,
			);
			path = Common;
			sourceTree = "<group>";
		};
		3A13225D28CA2AE2009E4645 /* Components */ = {
			isa = PBXGroup;
			children = (
				3A13225E28CA2B10009E4645 /* DaysRemainingCard.swift */,
				3A13226028CA2BA6009E4645 /* SelfCheckInCard.swift */,
				3A13226228CA2C22009E4645 /* ToolboxView.swift */,
			);
			path = Components;
			sourceTree = "<group>";
		};
		3A60CCD028F56AC100DBA776 /* OpenSans */ = {
			isa = PBXGroup;
			children = (
				3A746DC228D9EF0000D578F1 /* OpenSans-Bold.ttf */,
				3A746DCC28D9EF4B00D578F1 /* OpenSans-ExtraBold.ttf */,
				3A746DC428D9EF1500D578F1 /* OpenSans-Light.ttf */,
				3A746DC628D9EF1F00D578F1 /* OpenSans-Medium.ttf */,
				3A746DC828D9EF2900D578F1 /* OpenSans-Regular.ttf */,
				3A746DCA28D9EF3600D578F1 /* OpenSans-SemiBold.ttf */,
			);
			path = OpenSans;
			sourceTree = "<group>";
		};
		3A60CCDB28F56ADB00DBA776 /* Comfortaa */ = {
			isa = PBXGroup;
			children = (
				3A60CCD228F56AD100DBA776 /* Comfortaa-Bold.ttf */,
				3A60CCD328F56AD100DBA776 /* Comfortaa-Light.ttf */,
				3A60CCD128F56AD100DBA776 /* Comfortaa-Medium.ttf */,
				3A60CCD428F56AD100DBA776 /* Comfortaa-Regular.ttf */,
				3A60CCD528F56AD100DBA776 /* Comfortaa-SemiBold.ttf */,
			);
			path = Comfortaa;
			sourceTree = "<group>";
		};
		3A746DBF28D9EEA800D578F1 /* Fonts */ = {
			isa = PBXGroup;
			children = (
				3A60CCDB28F56ADB00DBA776 /* Comfortaa */,
				3A60CCD028F56AC100DBA776 /* OpenSans */,
			);
			path = Fonts;
			sourceTree = "<group>";
		};
		3A746DD028D9F34E00D578F1 /* Texts */ = {
			isa = PBXGroup;
			children = (
				3A746DD128D9F36D00D578F1 /* Headline.swift */,
				3A746DD328D9F4AB00D578F1 /* Body.swift */,
				3A746DD528D9F53F00D578F1 /* Subtitle.swift */,
			);
			path = Texts;
			sourceTree = "<group>";
		};
		3A8D2CA428E34FAC008B469A /* DailyLogger */ = {
			isa = PBXGroup;
			children = (
				3A8D2CA528E34FF2008B469A /* DailyCheckInView.swift */,
				3A323F2A28EDF37000CFEF40 /* CheckInView.swift */,
				3A01485228F0830100B2F6A0 /* SelfCheckInView.swift */,
				3A60CCCE28F4757E00DBA776 /* DailyJournalView.swift */,
				3A60CCDC28F5B10800DBA776 /* SleepTrackerDetailsView.swift */,
			);
			path = DailyLogger;
			sourceTree = "<group>";
		};
		3AD4F98A28C2466E002A2E5A /* Modules */ = {
			isa = PBXGroup;
			children = (
				3A8D2CA428E34FAC008B469A /* DailyLogger */,
				3AD4F99128C25AD6002A2E5A /* Profile */,
				3AD4F99028C25ACD002A2E5A /* Routines */,
				3AD4F98F28C25AC4002A2E5A /* Tasks */,
				3AD4F98E28C25ABE002A2E5A /* Notes */,
				3AD4F98D28C25AA9002A2E5A /* Dashboard */,
			);
			path = Modules;
			sourceTree = "<group>";
		};
		3AD4F98D28C25AA9002A2E5A /* Dashboard */ = {
			isa = PBXGroup;
			children = (
				3A13225D28CA2AE2009E4645 /* Components */,
				3AD4F98B28C24693002A2E5A /* DashboardView.swift */,
				3AD4F99A28C639C4002A2E5A /* DashboardViewData.swift */,
				3AD4F99C28C63A22002A2E5A /* DashboardViewModelAdapter.swift */,
				3A746DBD28D4A29200D578F1 /* HomeView.swift */,
			);
			path = Dashboard;
			sourceTree = "<group>";
		};
		3AD4F98E28C25ABE002A2E5A /* Notes */ = {
			isa = PBXGroup;
			children = (
				3AD4F99828C25B2D002A2E5A /* NotesListView.swift */,
			);
			path = Notes;
			sourceTree = "<group>";
		};
		3AD4F98F28C25AC4002A2E5A /* Tasks */ = {
			isa = PBXGroup;
			children = (
				3AD4F99628C25B1C002A2E5A /* TaskListView.swift */,
			);
			path = Tasks;
			sourceTree = "<group>";
		};
		3AD4F99028C25ACD002A2E5A /* Routines */ = {
			isa = PBXGroup;
			children = (
				3AD4F99428C25AFB002A2E5A /* RoutinesView.swift */,
			);
			path = Routines;
			sourceTree = "<group>";
		};
		3AD4F99128C25AD6002A2E5A /* Profile */ = {
			isa = PBXGroup;
			children = (
				3AD4F99228C25AEC002A2E5A /* ProfileView.swift */,
			);
			path = Profile;
			sourceTree = "<group>";
		};
		7555FF72242A565900829871 = {
			isa = PBXGroup;
			children = (
				7555FF7D242A565900829871 /* iosApp */,
				7555FF7C242A565900829871 /* Products */,
				7555FFB0242A642200829871 /* Frameworks */,
			);
			sourceTree = "<group>";
		};
		7555FF7C242A565900829871 /* Products */ = {
			isa = PBXGroup;
			children = (
				7555FF7B242A565900829871 /* iosApp.app */,
			);
			name = Products;
			sourceTree = "<group>";
		};
		7555FF7D242A565900829871 /* iosApp */ = {
			isa = PBXGroup;
			children = (
				3A13225A28CA232C009E4645 /* Common */,
				3A13225728CA21E6009E4645 /* Resources */,
				3AD4F98A28C2466E002A2E5A /* Modules */,
				058557BA273AAA24004C7B11 /* Assets.xcassets */,
				7555FF82242A565900829871 /* ContentView.swift */,
				7555FF8C242A565B00829871 /* Info.plist */,
				2152FB032600AC8F00CF470E /* iOSApp.swift */,
				058557D7273AAEEB004C7B11 /* Preview Content */,
			);
			path = iosApp;
			sourceTree = "<group>";
		};
		7555FFB0242A642200829871 /* Frameworks */ = {
			isa = PBXGroup;
			children = (
			);
			name = Frameworks;
			sourceTree = "<group>";
		};
/* End PBXGroup section */

/* Begin PBXNativeTarget section */
		7555FF7A242A565900829871 /* iosApp */ = {
			isa = PBXNativeTarget;
			buildConfigurationList = 7555FFA5242A565B00829871 /* Build configuration list for PBXNativeTarget "iosApp" */;
			buildPhases = (
				7555FFB5242A651A00829871 /* ShellScript */,
				7555FF77242A565900829871 /* Sources */,
				7555FF78242A565900829871 /* Frameworks */,
				7555FF79242A565900829871 /* Resources */,
				7555FFB4242A642300829871 /* Embed Frameworks */,
			);
			buildRules = (
			);
			dependencies = (
			);
			name = iosApp;
			productName = iosApp;
			productReference = 7555FF7B242A565900829871 /* iosApp.app */;
			productType = "com.apple.product-type.application";
		};
/* End PBXNativeTarget section */

/* Begin PBXProject section */
		7555FF73242A565900829871 /* Project object */ = {
			isa = PBXProject;
			attributes = {
				LastSwiftUpdateCheck = 1130;
				LastUpgradeCheck = 1130;
				ORGANIZATIONNAME = orgName;
				TargetAttributes = {
					7555FF7A242A565900829871 = {
						CreatedOnToolsVersion = 11.3.1;
					};
				};
			};
			buildConfigurationList = 7555FF76242A565900829871 /* Build configuration list for PBXProject "iosApp" */;
			compatibilityVersion = "Xcode 9.3";
			developmentRegion = en;
			hasScannedForEncodings = 0;
			knownRegions = (
				en,
				Base,
			);
			mainGroup = 7555FF72242A565900829871;
			productRefGroup = 7555FF7C242A565900829871 /* Products */;
			projectDirPath = "";
			projectRoot = "";
			targets = (
				7555FF7A242A565900829871 /* iosApp */,
			);
		};
/* End PBXProject section */

/* Begin PBXResourcesBuildPhase section */
		7555FF79242A565900829871 /* Resources */ = {
			isa = PBXResourcesBuildPhase;
			buildActionMask = 2147483647;
			files = (
				3A746DC728D9EF1F00D578F1 /* OpenSans-Medium.ttf in Resources */,
				3A746DCB28D9EF3600D578F1 /* OpenSans-SemiBold.ttf in Resources */,
				3A746DC528D9EF1500D578F1 /* OpenSans-Light.ttf in Resources */,
				058557BB273AAA24004C7B11 /* Assets.xcassets in Resources */,
				3A60CCDA28F56AD100DBA776 /* Comfortaa-SemiBold.ttf in Resources */,
				3A60CCD828F56AD100DBA776 /* Comfortaa-Light.ttf in Resources */,
				3A13225928CA2211009E4645 /* Colors.xcassets in Resources */,
				3A60CCD728F56AD100DBA776 /* Comfortaa-Bold.ttf in Resources */,
				3A746DC328D9EF0000D578F1 /* OpenSans-Bold.ttf in Resources */,
				3A60CCD628F56AD100DBA776 /* Comfortaa-Medium.ttf in Resources */,
				3A746DC928D9EF2900D578F1 /* OpenSans-Regular.ttf in Resources */,
				058557D9273AAEEB004C7B11 /* Preview Assets.xcassets in Resources */,
				3A746DCD28D9EF4B00D578F1 /* OpenSans-ExtraBold.ttf in Resources */,
				3A60CCD928F56AD100DBA776 /* Comfortaa-Regular.ttf in Resources */,
			);
			runOnlyForDeploymentPostprocessing = 0;
		};
/* End PBXResourcesBuildPhase section */

/* Begin PBXShellScriptBuildPhase section */
		7555FFB5242A651A00829871 /* ShellScript */ = {
			isa = PBXShellScriptBuildPhase;
			buildActionMask = 2147483647;
			files = (
			);
			inputFileListPaths = (
			);
			inputPaths = (
			);
			outputFileListPaths = (
			);
			outputPaths = (
			);
			runOnlyForDeploymentPostprocessing = 0;
			shellPath = /bin/sh;
			shellScript = "cd \"$SRCROOT/..\"\n./gradlew :shared:embedAndSignAppleFrameworkForXcode\n";
		};
/* End PBXShellScriptBuildPhase section */

/* Begin PBXSourcesBuildPhase section */
		7555FF77242A565900829871 /* Sources */ = {
			isa = PBXSourcesBuildPhase;
			buildActionMask = 2147483647;
			files = (
				3A60CCCF28F4757E00DBA776 /* DailyJournalView.swift in Sources */,
				3A8D2CA628E34FF2008B469A /* DailyCheckInView.swift in Sources */,
				3A13225C28CA233B009E4645 /* Colors.swift in Sources */,
				3A746DCF28D9F07C00D578F1 /* Fonts.swift in Sources */,
				3A746DBE28D4A29200D578F1 /* HomeView.swift in Sources */,
				3A746DD228D9F36D00D578F1 /* Headline.swift in Sources */,
				7555FF83242A565900829871 /* ContentView.swift in Sources */,
				3AD4F98C28C24693002A2E5A /* DashboardView.swift in Sources */,
				3AD4F99B28C639C4002A2E5A /* DashboardViewData.swift in Sources */,
				3AD4F99D28C63A22002A2E5A /* DashboardViewModelAdapter.swift in Sources */,
				3A13225F28CA2B10009E4645 /* DaysRemainingCard.swift in Sources */,
				3A01485328F0830100B2F6A0 /* SelfCheckInView.swift in Sources */,
				3AD4F99928C25B2D002A2E5A /* NotesListView.swift in Sources */,
				3A60CCDD28F5B10800DBA776 /* SleepTrackerDetailsView.swift in Sources */,
				3AD4F99328C25AEC002A2E5A /* ProfileView.swift in Sources */,
				3A323F2B28EDF37000CFEF40 /* CheckInView.swift in Sources */,
				3AD4F99528C25AFB002A2E5A /* RoutinesView.swift in Sources */,
				3A13226128CA2BA6009E4645 /* SelfCheckInCard.swift in Sources */,
				3AD4F99728C25B1C002A2E5A /* TaskListView.swift in Sources */,
				3A746DD428D9F4AB00D578F1 /* Body.swift in Sources */,
				3A746DD628D9F53F00D578F1 /* Subtitle.swift in Sources */,
				3A13226328CA2C22009E4645 /* ToolboxView.swift in Sources */,
				2152FB042600AC8F00CF470E /* iOSApp.swift in Sources */,
			);
			runOnlyForDeploymentPostprocessing = 0;
		};
/* End PBXSourcesBuildPhase section */

/* Begin XCBuildConfiguration section */
		7555FFA3242A565B00829871 /* Debug */ = {
			isa = XCBuildConfiguration;
			buildSettings = {
				ALWAYS_SEARCH_USER_PATHS = NO;
				CLANG_ANALYZER_NONNULL = YES;
				CLANG_ANALYZER_NUMBER_OBJECT_CONVERSION = YES_AGGRESSIVE;
				CLANG_CXX_LANGUAGE_STANDARD = "gnu++14";
				CLANG_CXX_LIBRARY = "libc++";
				CLANG_ENABLE_MODULES = YES;
				CLANG_ENABLE_OBJC_ARC = YES;
				CLANG_ENABLE_OBJC_WEAK = YES;
				CLANG_WARN_BLOCK_CAPTURE_AUTORELEASING = YES;
				CLANG_WARN_BOOL_CONVERSION = YES;
				CLANG_WARN_COMMA = YES;
				CLANG_WARN_CONSTANT_CONVERSION = YES;
				CLANG_WARN_DEPRECATED_OBJC_IMPLEMENTATIONS = YES;
				CLANG_WARN_DIRECT_OBJC_ISA_USAGE = YES_ERROR;
				CLANG_WARN_DOCUMENTATION_COMMENTS = YES;
				CLANG_WARN_EMPTY_BODY = YES;
				CLANG_WARN_ENUM_CONVERSION = YES;
				CLANG_WARN_INFINITE_RECURSION = YES;
				CLANG_WARN_INT_CONVERSION = YES;
				CLANG_WARN_NON_LITERAL_NULL_CONVERSION = YES;
				CLANG_WARN_OBJC_IMPLICIT_RETAIN_SELF = YES;
				CLANG_WARN_OBJC_LITERAL_CONVERSION = YES;
				CLANG_WARN_OBJC_ROOT_CLASS = YES_ERROR;
				CLANG_WARN_QUOTED_INCLUDE_IN_FRAMEWORK_HEADER = YES;
				CLANG_WARN_RANGE_LOOP_ANALYSIS = YES;
				CLANG_WARN_STRICT_PROTOTYPES = YES;
				CLANG_WARN_SUSPICIOUS_MOVE = YES;
				CLANG_WARN_UNGUARDED_AVAILABILITY = YES_AGGRESSIVE;
				CLANG_WARN_UNREACHABLE_CODE = YES;
				CLANG_WARN__DUPLICATE_METHOD_MATCH = YES;
				COPY_PHASE_STRIP = NO;
				DEBUG_INFORMATION_FORMAT = "dwarf-with-dsym";
				ENABLE_STRICT_OBJC_MSGSEND = YES;
				ENABLE_TESTABILITY = YES;
				GCC_C_LANGUAGE_STANDARD = gnu11;
				GCC_DYNAMIC_NO_PIC = NO;
				GCC_NO_COMMON_BLOCKS = YES;
				GCC_OPTIMIZATION_LEVEL = 0;
				GCC_PREPROCESSOR_DEFINITIONS = (
					"DEBUG=1",
					"$(inherited)",
				);
				GCC_WARN_64_TO_32_BIT_CONVERSION = YES;
				GCC_WARN_ABOUT_RETURN_TYPE = YES_ERROR;
				GCC_WARN_UNDECLARED_SELECTOR = YES;
				GCC_WARN_UNINITIALIZED_AUTOS = YES_AGGRESSIVE;
				GCC_WARN_UNUSED_FUNCTION = YES;
				GCC_WARN_UNUSED_VARIABLE = YES;
				IPHONEOS_DEPLOYMENT_TARGET = 14.1;
				MTL_ENABLE_DEBUG_INFO = INCLUDE_SOURCE;
				MTL_FAST_MATH = YES;
				ONLY_ACTIVE_ARCH = YES;
				SDKROOT = iphoneos;
				SWIFT_ACTIVE_COMPILATION_CONDITIONS = DEBUG;
				SWIFT_OPTIMIZATION_LEVEL = "-Onone";
			};
			name = Debug;
		};
		7555FFA4242A565B00829871 /* Release */ = {
			isa = XCBuildConfiguration;
			buildSettings = {
				ALWAYS_SEARCH_USER_PATHS = NO;
				CLANG_ANALYZER_NONNULL = YES;
				CLANG_ANALYZER_NUMBER_OBJECT_CONVERSION = YES_AGGRESSIVE;
				CLANG_CXX_LANGUAGE_STANDARD = "gnu++14";
				CLANG_CXX_LIBRARY = "libc++";
				CLANG_ENABLE_MODULES = YES;
				CLANG_ENABLE_OBJC_ARC = YES;
				CLANG_ENABLE_OBJC_WEAK = YES;
				CLANG_WARN_BLOCK_CAPTURE_AUTORELEASING = YES;
				CLANG_WARN_BOOL_CONVERSION = YES;
				CLANG_WARN_COMMA = YES;
				CLANG_WARN_CONSTANT_CONVERSION = YES;
				CLANG_WARN_DEPRECATED_OBJC_IMPLEMENTATIONS = YES;
				CLANG_WARN_DIRECT_OBJC_ISA_USAGE = YES_ERROR;
				CLANG_WARN_DOCUMENTATION_COMMENTS = YES;
				CLANG_WARN_EMPTY_BODY = YES;
				CLANG_WARN_ENUM_CONVERSION = YES;
				CLANG_WARN_INFINITE_RECURSION = YES;
				CLANG_WARN_INT_CONVERSION = YES;
				CLANG_WARN_NON_LITERAL_NULL_CONVERSION = YES;
				CLANG_WARN_OBJC_IMPLICIT_RETAIN_SELF = YES;
				CLANG_WARN_OBJC_LITERAL_CONVERSION = YES;
				CLANG_WARN_OBJC_ROOT_CLASS = YES_ERROR;
				CLANG_WARN_QUOTED_INCLUDE_IN_FRAMEWORK_HEADER = YES;
				CLANG_WARN_RANGE_LOOP_ANALYSIS = YES;
				CLANG_WARN_STRICT_PROTOTYPES = YES;
				CLANG_WARN_SUSPICIOUS_MOVE = YES;
				CLANG_WARN_UNGUARDED_AVAILABILITY = YES_AGGRESSIVE;
				CLANG_WARN_UNREACHABLE_CODE = YES;
				CLANG_WARN__DUPLICATE_METHOD_MATCH = YES;
				COPY_PHASE_STRIP = NO;
				DEBUG_INFORMATION_FORMAT = "dwarf-with-dsym";
				ENABLE_NS_ASSERTIONS = NO;
				ENABLE_STRICT_OBJC_MSGSEND = YES;
				GCC_C_LANGUAGE_STANDARD = gnu11;
				GCC_NO_COMMON_BLOCKS = YES;
				GCC_WARN_64_TO_32_BIT_CONVERSION = YES;
				GCC_WARN_ABOUT_RETURN_TYPE = YES_ERROR;
				GCC_WARN_UNDECLARED_SELECTOR = YES;
				GCC_WARN_UNINITIALIZED_AUTOS = YES_AGGRESSIVE;
				GCC_WARN_UNUSED_FUNCTION = YES;
				GCC_WARN_UNUSED_VARIABLE = YES;
				IPHONEOS_DEPLOYMENT_TARGET = 14.1;
				MTL_ENABLE_DEBUG_INFO = NO;
				MTL_FAST_MATH = YES;
				SDKROOT = iphoneos;
				SWIFT_COMPILATION_MODE = wholemodule;
				SWIFT_OPTIMIZATION_LEVEL = "-O";
				VALIDATE_PRODUCT = YES;
			};
			name = Release;
		};
		7555FFA6242A565B00829871 /* Debug */ = {
			isa = XCBuildConfiguration;
			buildSettings = {
				ASSETCATALOG_COMPILER_APPICON_NAME = AppIcon;
				CODE_SIGN_STYLE = Automatic;
				DEVELOPMENT_ASSET_PATHS = "\"iosApp/Preview Content\"";
				DEVELOPMENT_TEAM = M7XXY52N82;
				ENABLE_PREVIEWS = YES;
				FRAMEWORK_SEARCH_PATHS = "$(SRCROOT)/../shared/build/xcode-frameworks/$(CONFIGURATION)/$(SDK_NAME)";
				INFOPLIST_FILE = iosApp/Info.plist;
				IPHONEOS_DEPLOYMENT_TARGET = 15.5;
				LD_RUNPATH_SEARCH_PATHS = (
					"$(inherited)",
					"@executable_path/Frameworks",
				);
				OTHER_LDFLAGS = (
					"$(inherited)",
					"-framework",
					shared,
				);
				PRODUCT_BUNDLE_IDENTIFIER = com.uj.productivity;
				PRODUCT_NAME = "$(TARGET_NAME)";
				SWIFT_VERSION = 5.0;
				TARGETED_DEVICE_FAMILY = "1,2";
			};
			name = Debug;
		};
		7555FFA7242A565B00829871 /* Release */ = {
			isa = XCBuildConfiguration;
			buildSettings = {
				ASSETCATALOG_COMPILER_APPICON_NAME = AppIcon;
				CODE_SIGN_STYLE = Automatic;
				DEVELOPMENT_ASSET_PATHS = "\"iosApp/Preview Content\"";
				DEVELOPMENT_TEAM = M7XXY52N82;
				ENABLE_PREVIEWS = YES;
				FRAMEWORK_SEARCH_PATHS = "$(SRCROOT)/../shared/build/xcode-frameworks/$(CONFIGURATION)/$(SDK_NAME)";
				INFOPLIST_FILE = iosApp/Info.plist;
				IPHONEOS_DEPLOYMENT_TARGET = 15.5;
				LD_RUNPATH_SEARCH_PATHS = (
					"$(inherited)",
					"@executable_path/Frameworks",
				);
				OTHER_LDFLAGS = (
					"$(inherited)",
					"-framework",
					shared,
				);
				PRODUCT_BUNDLE_IDENTIFIER = com.uj.productivity;
				PRODUCT_NAME = "$(TARGET_NAME)";
				SWIFT_VERSION = 5.0;
				TARGETED_DEVICE_FAMILY = "1,2";
			};
			name = Release;
		};
/* End XCBuildConfiguration section */

/* Begin XCConfigurationList section */
		7555FF76242A565900829871 /* Build configuration list for PBXProject "iosApp" */ = {
			isa = XCConfigurationList;
			buildConfigurations = (
				7555FFA3242A565B00829871 /* Debug */,
				7555FFA4242A565B00829871 /* Release */,
			);
			defaultConfigurationIsVisible = 0;
			defaultConfigurationName = Release;
		};
		7555FFA5242A565B00829871 /* Build configuration list for PBXNativeTarget "iosApp" */ = {
			isa = XCConfigurationList;
			buildConfigurations = (
				7555FFA6242A565B00829871 /* Debug */,
				7555FFA7242A565B00829871 /* Release */,
			);
			defaultConfigurationIsVisible = 0;
			defaultConfigurationName = Release;
		};
/* End XCConfigurationList section */
	};
	rootObject = 7555FF73242A565900829871 /* Project object */;
}
